
Microsoft Visual Studio Solution File, Format Version 12.00
# Visual Studio 14
VisualStudioVersion = 14.0.25123.0
MinimumVisualStudioVersion = 10.0.40219.1
Project("{FAE04EC0-301F-11D3-BF4B-00C04F79EFBC}") = "Tests", "Tests\Tests.csproj", "{73507127-2C58-4998-96DA-E4062468BCA9}"
EndProject
Project("{FAE04EC0-301F-11D3-BF4B-00C04F79EFBC}") = "ClassLibrary1", "ClassLibrary1\ClassLibrary1.csproj", "{6ED8211C-3A92-490D-BAEB-A68345BBC2D7}"
EndProject
Global
	GlobalSection(SolutionConfigurationPlatforms) = preSolution
		Debug|Any CPU = Debug|Any CPU
		Release|Any CPU = Release|Any CPU
	EndGlobalSection
	GlobalSection(ProjectConfigurationPlatforms) = postSolution
		{73507127-2C58-4998-96DA-E4062468BCA9}.Debug|Any CPU.ActiveCfg = Debug|Any CPU
		{73507127-2C58-4998-96DA-E4062468BCA9}.Debug|Any CPU.Build.0 = Debug|Any CPU
		{73507127-2C58-4998-96DA-E4062468BCA9}.Release|Any CPU.ActiveCfg = Release|Any CPU
		{73507127-2C58-4998-96DA-E4062468BCA9}.Release|Any CPU.Build.0 = Release|Any CPU
		{6ED8211C-3A92-490D-BAEB-A68345BBC2D7}.Debug|Any CPU.ActiveCfg = Debug|Any CPU
		{6ED8211C-3A92-490D-BAEB-A68345BBC2D7}.Debug|Any CPU.Build.0 = Debug|Any CPU
		{6ED8211C-3A92-490D-BAEB-A68345BBC2D7}.Release|Any CPU.ActiveCfg = Release|Any CPU
		{6ED8211C-3A92-490D-BAEB-A68345BBC2D7}.Release|Any CPU.Build.0 = Release|Any CPU
	EndGlobalSection
	GlobalSection(SolutionProperties) = preSolution
		HideSolutionNode = FALSE
	EndGlobalSection
EndGlobal
